
Microsoft Visual Studio Solution File, Format Version 12.00
# Visual Studio Version 17
VisualStudioVersion = 17.5.2.0
MinimumVisualStudioVersion = 10.0.40219.1
Project("{FAE04EC0-301F-11D3-BF4B-00C04F79EFBC}") = "Valuator", "Valuator\Valuator.csproj", "{BB3B7AF3-09CB-8246-6EE6-CF385AAB4AA1}"
EndProject
Project("{FAE04EC0-301F-11D3-BF4B-00C04F79EFBC}") = "RankCalculator", "RankCalculator\RankCalculator.csproj", "{B990D895-D305-4330-9B04-59A2D94E2BAA}"
EndProject
Project("{FAE04EC0-301F-11D3-BF4B-00C04F79EFBC}") = "MessageBroker", "MessageBroker\MessageBroker.csproj", "{72F2F1E6-5321-485E-A9BC-EE7E089B152E}"
EndProject
Project("{FAE04EC0-301F-11D3-BF4B-00C04F79EFBC}") = "EventsLogger", "EventsLogger\EventsLogger.csproj", "{EB064824-3AAD-4353-94F4-76BDDC11A407}"
EndProject
Project("{FAE04EC0-301F-11D3-BF4B-00C04F79EFBC}") = "DatabaseService", "DatabaseService\DatabaseService.csproj", "{293EF099-E165-40A0-9E2C-BE02A5CD9F9E}"
EndProject
Global
	GlobalSection(SolutionConfigurationPlatforms) = preSolution
		Debug|Any CPU = Debug|Any CPU
		Debug|x64 = Debug|x64
		Debug|x86 = Debug|x86
		Release|Any CPU = Release|Any CPU
		Release|x64 = Release|x64
		Release|x86 = Release|x86
	EndGlobalSection
	GlobalSection(ProjectConfigurationPlatforms) = postSolution
		{BB3B7AF3-09CB-8246-6EE6-CF385AAB4AA1}.Debug|Any CPU.ActiveCfg = Debug|Any CPU
		{BB3B7AF3-09CB-8246-6EE6-CF385AAB4AA1}.Debug|Any CPU.Build.0 = Debug|Any CPU
		{BB3B7AF3-09CB-8246-6EE6-CF385AAB4AA1}.Debug|x64.ActiveCfg = Debug|Any CPU
		{BB3B7AF3-09CB-8246-6EE6-CF385AAB4AA1}.Debug|x64.Build.0 = Debug|Any CPU
		{BB3B7AF3-09CB-8246-6EE6-CF385AAB4AA1}.Debug|x86.ActiveCfg = Debug|Any CPU
		{BB3B7AF3-09CB-8246-6EE6-CF385AAB4AA1}.Debug|x86.Build.0 = Debug|Any CPU
		{BB3B7AF3-09CB-8246-6EE6-CF385AAB4AA1}.Release|Any CPU.ActiveCfg = Release|Any CPU
		{BB3B7AF3-09CB-8246-6EE6-CF385AAB4AA1}.Release|Any CPU.Build.0 = Release|Any CPU
		{BB3B7AF3-09CB-8246-6EE6-CF385AAB4AA1}.Release|x64.ActiveCfg = Release|Any CPU
		{BB3B7AF3-09CB-8246-6EE6-CF385AAB4AA1}.Release|x64.Build.0 = Release|Any CPU
		{BB3B7AF3-09CB-8246-6EE6-CF385AAB4AA1}.Release|x86.ActiveCfg = Release|Any CPU
		{BB3B7AF3-09CB-8246-6EE6-CF385AAB4AA1}.Release|x86.Build.0 = Release|Any CPU
		{B990D895-D305-4330-9B04-59A2D94E2BAA}.Debug|Any CPU.ActiveCfg = Debug|Any CPU
		{B990D895-D305-4330-9B04-59A2D94E2BAA}.Debug|Any CPU.Build.0 = Debug|Any CPU
		{B990D895-D305-4330-9B04-59A2D94E2BAA}.Debug|x64.ActiveCfg = Debug|Any CPU
		{B990D895-D305-4330-9B04-59A2D94E2BAA}.Debug|x64.Build.0 = Debug|Any CPU
		{B990D895-D305-4330-9B04-59A2D94E2BAA}.Debug|x86.ActiveCfg = Debug|Any CPU
		{B990D895-D305-4330-9B04-59A2D94E2BAA}.Debug|x86.Build.0 = Debug|Any CPU
		{B990D895-D305-4330-9B04-59A2D94E2BAA}.Release|Any CPU.ActiveCfg = Release|Any CPU
		{B990D895-D305-4330-9B04-59A2D94E2BAA}.Release|Any CPU.Build.0 = Release|Any CPU
		{B990D895-D305-4330-9B04-59A2D94E2BAA}.Release|x64.ActiveCfg = Release|Any CPU
		{B990D895-D305-4330-9B04-59A2D94E2BAA}.Release|x64.Build.0 = Release|Any CPU
		{B990D895-D305-4330-9B04-59A2D94E2BAA}.Release|x86.ActiveCfg = Release|Any CPU
		{B990D895-D305-4330-9B04-59A2D94E2BAA}.Release|x86.Build.0 = Release|Any CPU
		{72F2F1E6-5321-485E-A9BC-EE7E089B152E}.Debug|Any CPU.ActiveCfg = Debug|Any CPU
		{72F2F1E6-5321-485E-A9BC-EE7E089B152E}.Debug|Any CPU.Build.0 = Debug|Any CPU
		{72F2F1E6-5321-485E-A9BC-EE7E089B152E}.Debug|x64.ActiveCfg = Debug|Any CPU
		{72F2F1E6-5321-485E-A9BC-EE7E089B152E}.Debug|x64.Build.0 = Debug|Any CPU
		{72F2F1E6-5321-485E-A9BC-EE7E089B152E}.Debug|x86.ActiveCfg = Debug|Any CPU
		{72F2F1E6-5321-485E-A9BC-EE7E089B152E}.Debug|x86.Build.0 = Debug|Any CPU
		{72F2F1E6-5321-485E-A9BC-EE7E089B152E}.Release|Any CPU.ActiveCfg = Release|Any CPU
		{72F2F1E6-5321-485E-A9BC-EE7E089B152E}.Release|Any CPU.Build.0 = Release|Any CPU
		{72F2F1E6-5321-485E-A9BC-EE7E089B152E}.Release|x64.ActiveCfg = Release|Any CPU
		{72F2F1E6-5321-485E-A9BC-EE7E089B152E}.Release|x64.Build.0 = Release|Any CPU
		{72F2F1E6-5321-485E-A9BC-EE7E089B152E}.Release|x86.ActiveCfg = Release|Any CPU
		{72F2F1E6-5321-485E-A9BC-EE7E089B152E}.Release|x86.Build.0 = Release|Any CPU
		{EB064824-3AAD-4353-94F4-76BDDC11A407}.Debug|Any CPU.ActiveCfg = Debug|Any CPU
		{EB064824-3AAD-4353-94F4-76BDDC11A407}.Debug|Any CPU.Build.0 = Debug|Any CPU
		{EB064824-3AAD-4353-94F4-76BDDC11A407}.Debug|x64.ActiveCfg = Debug|Any CPU
		{EB064824-3AAD-4353-94F4-76BDDC11A407}.Debug|x64.Build.0 = Debug|Any CPU
		{EB064824-3AAD-4353-94F4-76BDDC11A407}.Debug|x86.ActiveCfg = Debug|Any CPU
		{EB064824-3AAD-4353-94F4-76BDDC11A407}.Debug|x86.Build.0 = Debug|Any CPU
		{EB064824-3AAD-4353-94F4-76BDDC11A407}.Release|Any CPU.ActiveCfg = Release|Any CPU
		{EB064824-3AAD-4353-94F4-76BDDC11A407}.Release|Any CPU.Build.0 = Release|Any CPU
		{EB064824-3AAD-4353-94F4-76BDDC11A407}.Release|x64.ActiveCfg = Release|Any CPU
		{EB064824-3AAD-4353-94F4-76BDDC11A407}.Release|x64.Build.0 = Release|Any CPU
		{EB064824-3AAD-4353-94F4-76BDDC11A407}.Release|x86.ActiveCfg = Release|Any CPU
		{EB064824-3AAD-4353-94F4-76BDDC11A407}.Release|x86.Build.0 = Release|Any CPU
		{293EF099-E165-40A0-9E2C-BE02A5CD9F9E}.Debug|Any CPU.ActiveCfg = Debug|Any CPU
		{293EF099-E165-40A0-9E2C-BE02A5CD9F9E}.Debug|Any CPU.Build.0 = Debug|Any CPU
		{293EF099-E165-40A0-9E2C-BE02A5CD9F9E}.Debug|x64.ActiveCfg = Debug|Any CPU
		{293EF099-E165-40A0-9E2C-BE02A5CD9F9E}.Debug|x64.Build.0 = Debug|Any CPU
		{293EF099-E165-40A0-9E2C-BE02A5CD9F9E}.Debug|x86.ActiveCfg = Debug|Any CPU
		{293EF099-E165-40A0-9E2C-BE02A5CD9F9E}.Debug|x86.Build.0 = Debug|Any CPU
		{293EF099-E165-40A0-9E2C-BE02A5CD9F9E}.Release|Any CPU.ActiveCfg = Release|Any CPU
		{293EF099-E165-40A0-9E2C-BE02A5CD9F9E}.Release|Any CPU.Build.0 = Release|Any CPU
		{293EF099-E165-40A0-9E2C-BE02A5CD9F9E}.Release|x64.ActiveCfg = Release|Any CPU
		{293EF099-E165-40A0-9E2C-BE02A5CD9F9E}.Release|x64.Build.0 = Release|Any CPU
		{293EF099-E165-40A0-9E2C-BE02A5CD9F9E}.Release|x86.ActiveCfg = Release|Any CPU
		{293EF099-E165-40A0-9E2C-BE02A5CD9F9E}.Release|x86.Build.0 = Release|Any CPU
	EndGlobalSection
	GlobalSection(SolutionProperties) = preSolution
		HideSolutionNode = FALSE
	EndGlobalSection
	GlobalSection(ExtensibilityGlobals) = postSolution
		SolutionGuid = {4E720F55-C9D3-44BC-AFC1-5F0DEFF3FB93}
	EndGlobalSection
EndGlobal
